// !$*UTF8*$!
{
	archiveVersion = 1;
	classes = {
	};
	objectVersion = 46;
	objects = {

/* Begin PBXBuildFile section */
		333F8DA81FBF909100BC4331 /* AppDelegate.swift in Sources */ = {isa = PBXBuildFile; fileRef = 333F8DA71FBF909100BC4331 /* AppDelegate.swift */; };
		333F8DAA1FBF909100BC4331 /* ViewController.swift in Sources */ = {isa = PBXBuildFile; fileRef = 333F8DA91FBF909100BC4331 /* ViewController.swift */; };
		333F8DAD1FBF909100BC4331 /* Main.storyboard in Resources */ = {isa = PBXBuildFile; fileRef = 333F8DAB1FBF909100BC4331 /* Main.storyboard */; };
		333F8DAF1FBF909100BC4331 /* Assets.xcassets in Resources */ = {isa = PBXBuildFile; fileRef = 333F8DAE1FBF909100BC4331 /* Assets.xcassets */; };
		333F8DB21FBF909100BC4331 /* LaunchScreen.storyboard in Resources */ = {isa = PBXBuildFile; fileRef = 333F8DB01FBF909100BC4331 /* LaunchScreen.storyboard */; };
		333F8DBD1FBF909200BC4331 /* MySecondProjectTests.swift in Sources */ = {isa = PBXBuildFile; fileRef = 333F8DBC1FBF909200BC4331 /* MySecondProjectTests.swift */; };
		333F8DC81FBF909200BC4331 /* MySecondProjectUITests.swift in Sources */ = {isa = PBXBuildFile; fileRef = 333F8DC71FBF909200BC4331 /* MySecondProjectUITests.swift */; };
/* End PBXBuildFile section */

/* Begin PBXContainerItemProxy section */
		333F8DB91FBF909200BC4331 /* PBXContainerItemProxy */ = {
			isa = PBXContainerItemProxy;
			containerPortal = 333F8D9C1FBF909100BC4331 /* Project object */;
			proxyType = 1;
			remoteGlobalIDString = 333F8DA31FBF909100BC4331;
			remoteInfo = MySecondProject;
		};
		333F8DC41FBF909200BC4331 /* PBXContainerItemProxy */ = {
			isa = PBXContainerItemProxy;
			containerPortal = 333F8D9C1FBF909100BC4331 /* Project object */;
			proxyType = 1;
			remoteGlobalIDString = 333F8DA31FBF909100BC4331;
			remoteInfo = MySecondProject;
		};
/* End PBXContainerItemProxy section */

/* Begin PBXFileReference section */
		333F8DA41FBF909100BC4331 /* MySecondProject.app */ = {isa = PBXFileReference; explicitFileType = wrapper.application; includeInIndex = 0; path = MySecondProject.app; sourceTree = BUILT_PRODUCTS_DIR; };
		333F8DA71FBF909100BC4331 /* AppDelegate.swift */ = {isa = PBXFileReference; lastKnownFileType = sourcecode.swift; path = AppDelegate.swift; sourceTree = "<group>"; };
		333F8DA91FBF909100BC4331 /* ViewController.swift */ = {isa = PBXFileReference; lastKnownFileType = sourcecode.swift; path = ViewController.swift; sourceTree = "<group>"; };
		333F8DAC1FBF909100BC4331 /* Base */ = {isa = PBXFileReference; lastKnownFileType = file.storyboard; name = Base; path = Base.lproj/Main.storyboard; sourceTree = "<group>"; };
		333F8DAE1FBF909100BC4331 /* Assets.xcassets */ = {isa = PBXFileReference; lastKnownFileType = folder.assetcatalog; path = Assets.xcassets; sourceTree = "<group>"; };
		333F8DB11FBF909100BC4331 /* Base */ = {isa = PBXFileReference; lastKnownFileType = file.storyboard; name = Base; path = Base.lproj/LaunchScreen.storyboard; sourceTree = "<group>"; };
		333F8DB31FBF909100BC4331 /* Info.plist */ = {isa = PBXFileReference; lastKnownFileType = text.plist.xml; path = Info.plist; sourceTree = "<group>"; };
		333F8DB81FBF909200BC4331 /* MySecondProjectTests.xctest */ = {isa = PBXFileReference; explicitFileType = wrapper.cfbundle; includeInIndex = 0; path = MySecondProjectTests.xctest; sourceTree = BUILT_PRODUCTS_DIR; };
		333F8DBC1FBF909200BC4331 /* MySecondProjectTests.swift */ = {isa = PBXFileReference; lastKnownFileType = sourcecode.swift; path = MySecondProjectTests.swift; sourceTree = "<group>"; };
		333F8DBE1FBF909200BC4331 /* Info.plist */ = {isa = PBXFileReference; lastKnownFileType = text.plist.xml; path = Info.plist; sourceTree = "<group>"; };
		333F8DC31FBF909200BC4331 /* MySecondProjectUITests.xctest */ = {isa = PBXFileReference; explicitFileType = wrapper.cfbundle; includeInIndex = 0; path = MySecondProjectUITests.xctest; sourceTree = BUILT_PRODUCTS_DIR; };
		333F8DC71FBF909200BC4331 /* MySecondProjectUITests.swift */ = {isa = PBXFileReference; lastKnownFileType = sourcecode.swift; path = MySecondProjectUITests.swift; sourceTree = "<group>"; };
		333F8DC91FBF909200BC4331 /* Info.plist */ = {isa = PBXFileReference; lastKnownFileType = text.plist.xml; path = Info.plist; sourceTree = "<group>"; };
/* End PBXFileReference section */

/* Begin PBXFrameworksBuildPhase section */
		333F8DA11FBF909100BC4331 /* Frameworks */ = {
			isa = PBXFrameworksBuildPhase;
			buildActionMask = 2147483647;
			files = (
			);
			runOnlyForDeploymentPostprocessing = 0;
		};
		333F8DB51FBF909200BC4331 /* Frameworks */ = {
			isa = PBXFrameworksBuildPhase;
			buildActionMask = 2147483647;
			files = (
			);
			runOnlyForDeploymentPostprocessing = 0;
		};
		333F8DC01FBF909200BC4331 /* Frameworks */ = {
			isa = PBXFrameworksBuildPhase;
			buildActionMask = 2147483647;
			files = (
			);
			runOnlyForDeploymentPostprocessing = 0;
		};
/* End PBXFrameworksBuildPhase section */

/* Begin PBXGroup section */
		333F8D9B1FBF909100BC4331 = {
			isa = PBXGroup;
			children = (
				333F8DA61FBF909100BC4331 /* MySecondProject */,
				333F8DBB1FBF909200BC4331 /* MySecondProjectTests */,
				333F8DC61FBF909200BC4331 /* MySecondProjectUITests */,
				333F8DA51FBF909100BC4331 /* Products */,
			);
			sourceTree = "<group>";
		};
		333F8DA51FBF909100BC4331 /* Products */ = {
			isa = PBXGroup;
			children = (
				333F8DA41FBF909100BC4331 /* MySecondProject.app */,
				333F8DB81FBF909200BC4331 /* MySecondProjectTests.xctest */,
				333F8DC31FBF909200BC4331 /* MySecondProjectUITests.xctest */,
			);
			name = Products;
			sourceTree = "<group>";
		};
		333F8DA61FBF909100BC4331 /* MySecondProject */ = {
			isa = PBXGroup;
			children = (
				333F8DA71FBF909100BC4331 /* AppDelegate.swift */,
				333F8DA91FBF909100BC4331 /* ViewController.swift */,
				333F8DAB1FBF909100BC4331 /* Main.storyboard */,
				333F8DAE1FBF909100BC4331 /* Assets.xcassets */,
				333F8DB01FBF909100BC4331 /* LaunchScreen.storyboard */,
				333F8DB31FBF909100BC4331 /* Info.plist */,
			);
			path = MySecondProject;
			sourceTree = "<group>";
		};
		333F8DBB1FBF909200BC4331 /* MySecondProjectTests */ = {
			isa = PBXGroup;
			children = (
				333F8DBC1FBF909200BC4331 /* MySecondProjectTests.swift */,
				333F8DBE1FBF909200BC4331 /* Info.plist */,
			);
			path = MySecondProjectTests;
			sourceTree = "<group>";
		};
		333F8DC61FBF909200BC4331 /* MySecondProjectUITests */ = {
			isa = PBXGroup;
			children = (
				333F8DC71FBF909200BC4331 /* MySecondProjectUITests.swift */,
				333F8DC91FBF909200BC4331 /* Info.plist */,
			);
			path = MySecondProjectUITests;
			sourceTree = "<group>";
		};
/* End PBXGroup section */

/* Begin PBXNativeTarget section */
		333F8DA31FBF909100BC4331 /* MySecondProject */ = {
			isa = PBXNativeTarget;
			buildConfigurationList = 333F8DCC1FBF909200BC4331 /* Build configuration list for PBXNativeTarget "MySecondProject" */;
			buildPhases = (
				333F8DA01FBF909100BC4331 /* Sources */,
				333F8DA11FBF909100BC4331 /* Frameworks */,
				333F8DA21FBF909100BC4331 /* Resources */,
			);
			buildRules = (
			);
			dependencies = (
			);
			name = MySecondProject;
			productName = MySecondProject;
			productReference = 333F8DA41FBF909100BC4331 /* MySecondProject.app */;
			productType = "com.apple.product-type.application";
		};
		333F8DB71FBF909200BC4331 /* MySecondProjectTests */ = {
			isa = PBXNativeTarget;
			buildConfigurationList = 333F8DCF1FBF909200BC4331 /* Build configuration list for PBXNativeTarget "MySecondProjectTests" */;
			buildPhases = (
				333F8DB41FBF909200BC4331 /* Sources */,
				333F8DB51FBF909200BC4331 /* Frameworks */,
				333F8DB61FBF909200BC4331 /* Resources */,
			);
			buildRules = (
			);
			dependencies = (
				333F8DBA1FBF909200BC4331 /* PBXTargetDependency */,
			);
			name = MySecondProjectTests;
			productName = MySecondProjectTests;
			productReference = 333F8DB81FBF909200BC4331 /* MySecondProjectTests.xctest */;
			productType = "com.apple.product-type.bundle.unit-test";
		};
		333F8DC21FBF909200BC4331 /* MySecondProjectUITests */ = {
			isa = PBXNativeTarget;
			buildConfigurationList = 333F8DD21FBF909200BC4331 /* Build configuration list for PBXNativeTarget "MySecondProjectUITests" */;
			buildPhases = (
				333F8DBF1FBF909200BC4331 /* Sources */,
				333F8DC01FBF909200BC4331 /* Frameworks */,
				333F8DC11FBF909200BC4331 /* Resources */,
			);
			buildRules = (
			);
			dependencies = (
				333F8DC51FBF909200BC4331 /* PBXTargetDependency */,
			);
			name = MySecondProjectUITests;
			productName = MySecondProjectUITests;
			productReference = 333F8DC31FBF909200BC4331 /* MySecondProjectUITests.xctest */;
			productType = "com.apple.product-type.bundle.ui-testing";
		};
/* End PBXNativeTarget section */

/* Begin PBXProject section */
		333F8D9C1FBF909100BC4331 /* Project object */ = {
			isa = PBXProject;
			attributes = {
				LastSwiftUpdateCheck = 0830;
				LastUpgradeCheck = 0830;
				ORGANIZATIONNAME = dev;
				TargetAttributes = {
					333F8DA31FBF909100BC4331 = {
						CreatedOnToolsVersion = 8.3;
						ProvisioningStyle = Automatic;
					};
					333F8DB71FBF909200BC4331 = {
						CreatedOnToolsVersion = 8.3;
						ProvisioningStyle = Automatic;
						TestTargetID = 333F8DA31FBF909100BC4331;
					};
					333F8DC21FBF909200BC4331 = {
						CreatedOnToolsVersion = 8.3;
						ProvisioningStyle = Automatic;
						TestTargetID = 333F8DA31FBF909100BC4331;
					};
				};
			};
			buildConfigurationList = 333F8D9F1FBF909100BC4331 /* Build configuration list for PBXProject "MySecondProject" */;
			compatibilityVersion = "Xcode 3.2";
			developmentRegion = English;
			hasScannedForEncodings = 0;
			knownRegions = (
				en,
				Base,
			);
			mainGroup = 333F8D9B1FBF909100BC4331;
			productRefGroup = 333F8DA51FBF909100BC4331 /* Products */;
			projectDirPath = "";
			projectRoot = "";
			targets = (
				333F8DA31FBF909100BC4331 /* MySecondProject */,
				333F8DB71FBF909200BC4331 /* MySecondProjectTests */,
				333F8DC21FBF909200BC4331 /* MySecondProjectUITests */,
			);
		};
/* End PBXProject section */

/* Begin PBXResourcesBuildPhase section */
		333F8DA21FBF909100BC4331 /* Resources */ = {
			isa = PBXResourcesBuildPhase;
			buildActionMask = 2147483647;
			files = (
				333F8DB21FBF909100BC4331 /* LaunchScreen.storyboard in Resources */,
				333F8DAF1FBF909100BC4331 /* Assets.xcassets in Resources */,
				333F8DAD1FBF909100BC4331 /* Main.storyboard in Resources */,
			);
			runOnlyForDeploymentPostprocessing = 0;
		};
		333F8DB61FBF909200BC4331 /* Resources */ = {
			isa = PBXResourcesBuildPhase;
			buildActionMask = 2147483647;
			files = (
			);
			runOnlyForDeploymentPostprocessing = 0;
		};
		333F8DC11FBF909200BC4331 /* Resources */ = {
			isa = PBXResourcesBuildPhase;
			buildActionMask = 2147483647;
			files = (
			);
			runOnlyForDeploymentPostprocessing = 0;
		};
/* End PBXResourcesBuildPhase section */

/* Begin PBXSourcesBuildPhase section */
		333F8DA01FBF909100BC4331 /* Sources */ = {
			isa = PBXSourcesBuildPhase;
			buildActionMask = 2147483647;
			files = (
				333F8DAA1FBF909100BC4331 /* ViewController.swift in Sources */,
				333F8DA81FBF909100BC4331 /* AppDelegate.swift in Sources */,
			);
			runOnlyForDeploymentPostprocessing = 0;
		};
		333F8DB41FBF909200BC4331 /* Sources */ = {
			isa = PBXSourcesBuildPhase;
			buildActionMask = 2147483647;
			files = (
				333F8DBD1FBF909200BC4331 /* MySecondProjectTests.swift in Sources */,
			);
			runOnlyForDeploymentPostprocessing = 0;
		};
		333F8DBF1FBF909200BC4331 /* Sources */ = {
			isa = PBXSourcesBuildPhase;
			buildActionMask = 2147483647;
			files = (
				333F8DC81FBF909200BC4331 /* MySecondProjectUITests.swift in Sources */,
			);
			runOnlyForDeploymentPostprocessing = 0;
		};
/* End PBXSourcesBuildPhase section */

/* Begin PBXTargetDependency section */
		333F8DBA1FBF909200BC4331 /* PBXTargetDependency */ = {
			isa = PBXTargetDependency;
			target = 333F8DA31FBF909100BC4331 /* MySecondProject */;
			targetProxy = 333F8DB91FBF909200BC4331 /* PBXContainerItemProxy */;
		};
		333F8DC51FBF909200BC4331 /* PBXTargetDependency */ = {
			isa = PBXTargetDependency;
			target = 333F8DA31FBF909100BC4331 /* MySecondProject */;
			targetProxy = 333F8DC41FBF909200BC4331 /* PBXContainerItemProxy */;
		};
/* End PBXTargetDependency section */

/* Begin PBXVariantGroup section */
		333F8DAB1FBF909100BC4331 /* Main.storyboard */ = {
			isa = PBXVariantGroup;
			children = (
				333F8DAC1FBF909100BC4331 /* Base */,
			);
			name = Main.storyboard;
			sourceTree = "<group>";
		};
		333F8DB01FBF909100BC4331 /* LaunchScreen.storyboard */ = {
			isa = PBXVariantGroup;
			children = (
				333F8DB11FBF909100BC4331 /* Base */,
			);
			name = LaunchScreen.storyboard;
			sourceTree = "<group>";
		};
/* End PBXVariantGroup section */

/* Begin XCBuildConfiguration section */
		333F8DCA1FBF909200BC4331 /* Debug */ = {
			isa = XCBuildConfiguration;
			buildSettings = {
				ALWAYS_SEARCH_USER_PATHS = NO;
				CLANG_ANALYZER_NONNULL = YES;
				CLANG_ANALYZER_NUMBER_OBJECT_CONVERSION = YES_AGGRESSIVE;
				CLANG_CXX_LANGUAGE_STANDARD = "gnu++0x";
				CLANG_CXX_LIBRARY = "libc++";
				CLANG_ENABLE_MODULES = YES;
				CLANG_ENABLE_OBJC_ARC = YES;
				CLANG_WARN_BOOL_CONVERSION = YES;
				CLANG_WARN_CONSTANT_CONVERSION = YES;
				CLANG_WARN_DIRECT_OBJC_ISA_USAGE = YES_ERROR;
				CLANG_WARN_DOCUMENTATION_COMMENTS = YES;
				CLANG_WARN_EMPTY_BODY = YES;
				CLANG_WARN_ENUM_CONVERSION = YES;
				CLANG_WARN_INFINITE_RECURSION = YES;
				CLANG_WARN_INT_CONVERSION = YES;
				CLANG_WARN_OBJC_ROOT_CLASS = YES_ERROR;
				CLANG_WARN_SUSPICIOUS_MOVE = YES;
				CLANG_WARN_UNREACHABLE_CODE = YES;
				CLANG_WARN__DUPLICATE_METHOD_MATCH = YES;
				"CODE_SIGN_IDENTITY[sdk=iphoneos*]" = "iPhone Developer";
				COPY_PHASE_STRIP = NO;
				DEBUG_INFORMATION_FORMAT = dwarf;
				ENABLE_STRICT_OBJC_MSGSEND = YES;
				ENABLE_TESTABILITY = YES;
				GCC_C_LANGUAGE_STANDARD = gnu99;
				GCC_DYNAMIC_NO_PIC = NO;
				GCC_NO_COMMON_BLOCKS = YES;
				GCC_OPTIMIZATION_LEVEL = 0;
				GCC_PREPROCESSOR_DEFINITIONS = (
					"DEBUG=1",
					"$(inherited)",
				);
				GCC_WARN_64_TO_32_BIT_CONVERSION = YES;
				GCC_WARN_ABOUT_RETURN_TYPE = YES_ERROR;
				GCC_WARN_UNDECLARED_SELECTOR = YES;
				GCC_WARN_UNINITIALIZED_AUTOS = YES_AGGRESSIVE;
				GCC_WARN_UNUSED_FUNCTION = YES;
				GCC_WARN_UNUSED_VARIABLE = YES;
				IPHONEOS_DEPLOYMENT_TARGET = 10.3;
				MTL_ENABLE_DEBUG_INFO = YES;
				ONLY_ACTIVE_ARCH = YES;
				SDKROOT = iphoneos;
				SWIFT_ACTIVE_COMPILATION_CONDITIONS = DEBUG;
				SWIFT_OPTIMIZATION_LEVEL = "-Onone";
				TARGETED_DEVICE_FAMILY = "1,2";
			};
			name = Debug;
		};
		333F8DCB1FBF909200BC4331 /* Release */ = {
			isa = XCBuildConfiguration;
			buildSettings = {
				ALWAYS_SEARCH_USER_PATHS = NO;
				CLANG_ANALYZER_NONNULL = YES;
				CLANG_ANALYZER_NUMBER_OBJECT_CONVERSION = YES_AGGRESSIVE;
				CLANG_CXX_LANGUAGE_STANDARD = "gnu++0x";
				CLANG_CXX_LIBRARY = "libc++";
				CLANG_ENABLE_MODULES = YES;
				CLANG_ENABLE_OBJC_ARC = YES;
				CLANG_WARN_BOOL_CONVERSION = YES;
				CLANG_WARN_CONSTANT_CONVERSION = YES;
				CLANG_WARN_DIRECT_OBJC_ISA_USAGE = YES_ERROR;
				CLANG_WARN_DOCUMENTATION_COMMENTS = YES;
				CLANG_WARN_EMPTY_BODY = YES;
				CLANG_WARN_ENUM_CONVERSION = YES;
				CLANG_WARN_INFINITE_RECURSION = YES;
				CLANG_WARN_INT_CONVERSION = YES;
				CLANG_WARN_OBJC_ROOT_CLASS = YES_ERROR;
				CLANG_WARN_SUSPICIOUS_MOVE = YES;
				CLANG_WARN_UNREACHABLE_CODE = YES;
				CLANG_WARN__DUPLICATE_METHOD_MATCH = YES;
				"CODE_SIGN_IDENTITY[sdk=iphoneos*]" = "iPhone Developer";
				COPY_PHASE_STRIP = NO;
				DEBUG_INFORMATION_FORMAT = "dwarf-with-dsym";
				ENABLE_NS_ASSERTIONS = NO;
				ENABLE_STRICT_OBJC_MSGSEND = YES;
				GCC_C_LANGUAGE_STANDARD = gnu99;
				GCC_NO_COMMON_BLOCKS = YES;
				GCC_WARN_64_TO_32_BIT_CONVERSION = YES;
				GCC_WARN_ABOUT_RETURN_TYPE = YES_ERROR;
				GCC_WARN_UNDECLARED_SELECTOR = YES;
				GCC_WARN_UNINITIALIZED_AUTOS = YES_AGGRESSIVE;
				GCC_WARN_UNUSED_FUNCTION = YES;
				GCC_WARN_UNUSED_VARIABLE = YES;
				IPHONEOS_DEPLOYMENT_TARGET = 10.3;
				MTL_ENABLE_DEBUG_INFO = NO;
				SDKROOT = iphoneos;
				SWIFT_OPTIMIZATION_LEVEL = "-Owholemodule";
				TARGETED_DEVICE_FAMILY = "1,2";
				VALIDATE_PRODUCT = YES;
			};
			name = Release;
		};
		333F8DCD1FBF909200BC4331 /* Debug */ = {
			isa = XCBuildConfiguration;
			buildSettings = {
				ASSETCATALOG_COMPILER_APPICON_NAME = AppIcon;
				INFOPLIST_FILE = MySecondProject/Info.plist;
				LD_RUNPATH_SEARCH_PATHS = "$(inherited) @executable_path/Frameworks";
				PRODUCT_BUNDLE_IDENTIFIER = com.dev.MySecondProject;
				PRODUCT_NAME = "$(TARGET_NAME)";
				SWIFT_VERSION = 3.0;
			};
			name = Debug;
		};
		333F8DCE1FBF909200BC4331 /* Release */ = {
			isa = XCBuildConfiguration;
			buildSettings = {
				ASSETCATALOG_COMPILER_APPICON_NAME = AppIcon;
				INFOPLIST_FILE = MySecondProject/Info.plist;
				LD_RUNPATH_SEARCH_PATHS = "$(inherited) @executable_path/Frameworks";
				PRODUCT_BUNDLE_IDENTIFIER = com.dev.MySecondProject;
				PRODUCT_NAME = "$(TARGET_NAME)";
				SWIFT_VERSION = 3.0;
			};
			name = Release;
		};
		333F8DD01FBF909200BC4331 /* Debug */ = {
			isa = XCBuildConfiguration;
			buildSettings = {
				ALWAYS_EMBED_SWIFT_STANDARD_LIBRARIES = YES;
				BUNDLE_LOADER = "$(TEST_HOST)";
				INFOPLIST_FILE = MySecondProjectTests/Info.plist;
				LD_RUNPATH_SEARCH_PATHS = "$(inherited) @executable_path/Frameworks @loader_path/Frameworks";
				PRODUCT_BUNDLE_IDENTIFIER = com.dev.MySecondProjectTests;
				PRODUCT_NAME = "$(TARGET_NAME)";
				SWIFT_VERSION = 3.0;
				TEST_HOST = "$(BUILT_PRODUCTS_DIR)/MySecondProject.app/MySecondProject";
			};
			name = Debug;
		};
		333F8DD11FBF909200BC4331 /* Release */ = {
			isa = XCBuildConfiguration;
			buildSettings = {
				ALWAYS_EMBED_SWIFT_STANDARD_LIBRARIES = YES;
				BUNDLE_LOADER = "$(TEST_HOST)";
				INFOPLIST_FILE = MySecondProjectTests/Info.plist;
				LD_RUNPATH_SEARCH_PATHS = "$(inherited) @executable_path/Frameworks @loader_path/Frameworks";
				PRODUCT_BUNDLE_IDENTIFIER = com.dev.MySecondProjectTests;
				PRODUCT_NAME = "$(TARGET_NAME)";
				SWIFT_VERSION = 3.0;
				TEST_HOST = "$(BUILT_PRODUCTS_DIR)/MySecondProject.app/MySecondProject";
			};
			name = Release;
		};
		333F8DD31FBF909200BC4331 /* Debug */ = {
			isa = XCBuildConfiguration;
			buildSettings = {
				ALWAYS_EMBED_SWIFT_STANDARD_LIBRARIES = YES;
				INFOPLIST_FILE = MySecondProjectUITests/Info.plist;
				LD_RUNPATH_SEARCH_PATHS = "$(inherited) @executable_path/Frameworks @loader_path/Frameworks";
				PRODUCT_BUNDLE_IDENTIFIER = com.dev.MySecondProjectUITests;
				PRODUCT_NAME = "$(TARGET_NAME)";
				SWIFT_VERSION = 3.0;
				TEST_TARGET_NAME = MySecondProject;
			};
			name = Debug;
		};
		333F8DD41FBF909200BC4331 /* Release */ = {
			isa = XCBuildConfiguration;
			buildSettings = {
				ALWAYS_EMBED_SWIFT_STANDARD_LIBRARIES = YES;
				INFOPLIST_FILE = MySecondProjectUITests/Info.plist;
				LD_RUNPATH_SEARCH_PATHS = "$(inherited) @executable_path/Frameworks @loader_path/Frameworks";
				PRODUCT_BUNDLE_IDENTIFIER = com.dev.MySecondProjectUITests;
				PRODUCT_NAME = "$(TARGET_NAME)";
				SWIFT_VERSION = 3.0;
				TEST_TARGET_NAME = MySecondProject;
			};
			name = Release;
		};
/* End XCBuildConfiguration section */

/* Begin XCConfigurationList section */
		333F8D9F1FBF909100BC4331 /* Build configuration list for PBXProject "MySecondProject" */ = {
			isa = XCConfigurationList;
			buildConfigurations = (
				333F8DCA1FBF909200BC4331 /* Debug */,
				333F8DCB1FBF909200BC4331 /* Release */,
			);
			defaultConfigurationIsVisible = 0;
			defaultConfigurationName = Release;
		};
		333F8DCC1FBF909200BC4331 /* Build configuration list for PBXNativeTarget "MySecondProject" */ = {
			isa = XCConfigurationList;
			buildConfigurations = (
				333F8DCD1FBF909200BC4331 /* Debug */,
				333F8DCE1FBF909200BC4331 /* Release */,
			);
			defaultConfigurationIsVisible = 0;
		};
		333F8DCF1FBF909200BC4331 /* Build configuration list for PBXNativeTarget "MySecondProjectTests" */ = {
			isa = XCConfigurationList;
			buildConfigurations = (
				333F8DD01FBF909200BC4331 /* Debug */,
				333F8DD11FBF909200BC4331 /* Release */,
			);
			defaultConfigurationIsVisible = 0;
		};
		333F8DD21FBF909200BC4331 /* Build configuration list for PBXNativeTarget "MySecondProjectUITests" */ = {
			isa = XCConfigurationList;
			buildConfigurations = (
				333F8DD31FBF909200BC4331 /* Debug */,
				333F8DD41FBF909200BC4331 /* Release */,
			);
			defaultConfigurationIsVisible = 0;
		};
/* End XCConfigurationList section */
	};
	rootObject = 333F8D9C1FBF909100BC4331 /* Project object */;
}
